
Microsoft Visual Studio Solution File, Format Version 12.00
# Visual Studio Version 17
VisualStudioVersion = 17.1.32328.378
MinimumVisualStudioVersion = 10.0.40219.1
Project("{FAE04EC0-301F-11D3-BF4B-00C04F79EFBC}") = "UniversidadAsync", "UniversidadAsync.csproj", "{2514BF20-740E-490F-B212-2826F575F21C}"
EndProject
Global
	GlobalSection(SolutionConfigurationPlatforms) = preSolution
		Debug|Any CPU = Debug|Any CPU
		Release|Any CPU = Release|Any CPU
	EndGlobalSection
	GlobalSection(ProjectConfigurationPlatforms) = postSolution
		{2514BF20-740E-490F-B212-2826F575F21C}.Debug|Any CPU.ActiveCfg = Debug|Any CPU
		{2514BF20-740E-490F-B212-2826F575F21C}.Debug|Any CPU.Build.0 = Debug|Any CPU
		{2514BF20-740E-490F-B212-2826F575F21C}.Release|Any CPU.ActiveCfg = Release|Any CPU
		{2514BF20-740E-490F-B212-2826F575F21C}.Release|Any CPU.Build.0 = Release|Any CPU
	EndGlobalSection
	GlobalSection(SolutionProperties) = preSolution
		HideSolutionNode = FALSE
	EndGlobalSection
	GlobalSection(ExtensibilityGlobals) = postSolution
		SolutionGuid = {50E2E983-BF9B-4385-A6A7-6C94C035F2D7}
	EndGlobalSection
EndGlobal
